{
  "name": "iogame",
  "lockfileVersion": 2,
  "requires": true,
  "packages": {
    "": {
      "devDependencies": {
        "eslint-plugin-only-warn": "^1.0.3"
      }
    },
    "node_modules/eslint-plugin-only-warn": {
      "version": "1.0.3",
      "resolved": "https://registry.npmjs.org/eslint-plugin-only-warn/-/eslint-plugin-only-warn-1.0.3.tgz",
      "integrity": "sha512-XQOX/TfLoLw6h8ky51d29uUjXRTQHqBGXPylDEmy5fe/w7LIOnp8MA24b1OSMEn9BQoKow1q3g1kLe5/9uBTvw==",
      "dev": true,
      "engines": {
        "node": ">=6"
      }
    }
  },
  "dependencies": {
    "eslint-plugin-only-warn": {
      "version": "1.0.3",
      "resolved": "https://registry.npmjs.org/eslint-plugin-only-warn/-/eslint-plugin-only-warn-1.0.3.tgz",
      "integrity": "sha512-XQOX/TfLoLw6h8ky51d29uUjXRTQHqBGXPylDEmy5fe/w7LIOnp8MA24b1OSMEn9BQoKow1q3g1kLe5/9uBTvw==",
      "dev": true
    }
  }
}
